// !$*UTF8*$!
{
	archiveVersion = 1;
	classes = {
	};
	objectVersion = 56;
	objects = {

/* Begin PBXBuildFile section */
		AA0000000000000000000101 /* NumarkNS7Device.iig in Sources */ = {isa = PBXBuildFile; fileRef = AA0000000000000000000001 /* NumarkNS7Device.iig */; };
		AA0000000000000000000102 /* NumarkNS7Device.cpp in Sources */ = {isa = PBXBuildFile; fileRef = AA0000000000000000000002 /* NumarkNS7Device.cpp */; };
		AA0000000000000000000111 /* NS7MIDIDriver.iig in Sources */ = {isa = PBXBuildFile; fileRef = AA0000000000000000000011 /* NS7MIDIDriver.iig */; };
		AA0000000000000000000112 /* NS7MIDIDriver.cpp in Sources */ = {isa = PBXBuildFile; fileRef = AA0000000000000000000012 /* NS7MIDIDriver.cpp */; };
		AA0000000000000000000106 /* NumarkNS7InstallerApp.swift in Sources */ = {isa = PBXBuildFile; fileRef = AA0000000000000000000006 /* NumarkNS7InstallerApp.swift */; };
		AA0000000000000000000105 /* com.andrewabner.ns7.driverkit.dext in Embed System Extensions */ = {isa = PBXBuildFile; fileRef = AA0000000000000000000005 /* com.andrewabner.ns7.driverkit.dext */; settings = {ATTRIBUTES = (RemoveHeadersOnCopy, ); }; };
/* End PBXBuildFile section */

/* Begin PBXContainerItemProxy section */
		AA0000000000000000000701 /* PBXContainerItemProxy */ = {
			isa = PBXContainerItemProxy;
			containerPortal = AA0000000000000000000900 /* Project object */;
			proxyType = 1;
			remoteGlobalIDString = AA0000000000000000000501;
			remoteInfo = NumarkNS7Driver;
		};
/* End PBXContainerItemProxy section */

/* Begin PBXCopyFilesBuildPhase section */
		AA0000000000000000000404 /* Embed System Extensions */ = {
			isa = PBXCopyFilesBuildPhase;
			buildActionMask = 2147483647;
			dstPath = "$(SYSTEM_EXTENSIONS_FOLDER_PATH)";
			dstSubfolderSpec = 16;
			files = (
				AA0000000000000000000105 /* com.andrewabner.ns7.driverkit.dext in Embed System Extensions */,
			);
			name = "Embed System Extensions";
			runOnlyForDeploymentPostprocessing = 0;
		};
/* End PBXCopyFilesBuildPhase section */

/* Begin PBXFileReference section */
		AA0000000000000000000001 /* NumarkNS7Device.iig */ = {isa = PBXFileReference; lastKnownFileType = sourcecode.iig; path = NumarkNS7Device.iig; sourceTree = "<group>"; };
		AA0000000000000000000002 /* NumarkNS7Device.cpp */ = {isa = PBXFileReference; lastKnownFileType = sourcecode.cpp.cpp; path = NumarkNS7Device.cpp; sourceTree = "<group>"; };
		AA0000000000000000000011 /* NS7MIDIDriver.iig */ = {isa = PBXFileReference; lastKnownFileType = sourcecode.iig; path = NS7MIDIDriver.iig; sourceTree = "<group>"; };
		AA0000000000000000000012 /* NS7MIDIDriver.cpp */ = {isa = PBXFileReference; lastKnownFileType = sourcecode.cpp.cpp; path = NS7MIDIDriver.cpp; sourceTree = "<group>"; };
		AA0000000000000000000003 /* Info.plist */ = {isa = PBXFileReference; lastKnownFileType = text.plist.xml; path = Info.plist; sourceTree = "<group>"; };
		AA0000000000000000000004 /* NumarkNS7Driver.entitlements */ = {isa = PBXFileReference; lastKnownFileType = text.plist.entitlements; path = NumarkNS7Driver.entitlements; sourceTree = "<group>"; };
		AA0000000000000000000005 /* com.andrewabner.ns7.driverkit.dext */ = {isa = PBXFileReference; explicitFileType = "wrapper.driver-extension"; includeInIndex = 0; path = com.andrewabner.ns7.driverkit.dext; sourceTree = BUILT_PRODUCTS_DIR; };
		AA0000000000000000000006 /* NumarkNS7InstallerApp.swift */ = {isa = PBXFileReference; lastKnownFileType = sourcecode.swift; path = NumarkNS7InstallerApp.swift; sourceTree = "<group>"; };
		AA0000000000000000000007 /* NumarkNS7Installer.entitlements */ = {isa = PBXFileReference; lastKnownFileType = text.plist.entitlements; path = NumarkNS7Installer.entitlements; sourceTree = "<group>"; };
		AA0000000000000000000008 /* NumarkNS7Installer.app */ = {isa = PBXFileReference; explicitFileType = wrapper.application; includeInIndex = 0; path = NumarkNS7Installer.app; sourceTree = BUILT_PRODUCTS_DIR; };
/* End PBXFileReference section */

/* Begin PBXFrameworksBuildPhase section */
		AA0000000000000000000402 /* Frameworks (dext) */ = {
			isa = PBXFrameworksBuildPhase;
			buildActionMask = 2147483647;
			files = (
			);
			runOnlyForDeploymentPostprocessing = 0;
		};
		AA0000000000000000000406 /* Frameworks (app) */ = {
			isa = PBXFrameworksBuildPhase;
			buildActionMask = 2147483647;
			files = (
			);
			runOnlyForDeploymentPostprocessing = 0;
		};
/* End PBXFrameworksBuildPhase section */

/* Begin PBXGroup section */
		AA0000000000000000000300 = {
			isa = PBXGroup;
			children = (
				AA0000000000000000000301 /* NumarkNS7Driver */,
				AA0000000000000000000303 /* NumarkNS7Installer */,
				AA0000000000000000000304 /* Products */,
			);
			sourceTree = "<group>";
		};
		AA0000000000000000000301 /* NumarkNS7Driver */ = {
			isa = PBXGroup;
			children = (
				AA0000000000000000000302 /* Sources */,
				AA0000000000000000000003 /* Info.plist */,
				AA0000000000000000000004 /* NumarkNS7Driver.entitlements */,
			);
			path = NumarkNS7Driver;
			sourceTree = "<group>";
		};
		AA0000000000000000000302 /* Sources */ = {
			isa = PBXGroup;
			children = (
				AA0000000000000000000001 /* NumarkNS7Device.iig */,
				AA0000000000000000000002 /* NumarkNS7Device.cpp */,
				AA0000000000000000000011 /* NS7MIDIDriver.iig */,
				AA0000000000000000000012 /* NS7MIDIDriver.cpp */,
			);
			path = Sources;
			sourceTree = "<group>";
		};
		AA0000000000000000000303 /* NumarkNS7Installer */ = {
			isa = PBXGroup;
			children = (
				AA0000000000000000000006 /* NumarkNS7InstallerApp.swift */,
				AA0000000000000000000007 /* NumarkNS7Installer.entitlements */,
			);
			path = NumarkNS7Installer;
			sourceTree = "<group>";
		};
		AA0000000000000000000304 /* Products */ = {
			isa = PBXGroup;
			children = (
				AA0000000000000000000005 /* com.andrewabner.ns7.driverkit.dext */,
				AA0000000000000000000008 /* NumarkNS7Installer.app */,
			);
			name = Products;
			sourceTree = "<group>";
		};
/* End PBXGroup section */

/* Begin PBXNativeTarget section */
		AA0000000000000000000501 /* NumarkNS7Driver */ = {
			isa = PBXNativeTarget;
			buildConfigurationList = AA0000000000000000000801 /* Build configuration list for PBXNativeTarget "NumarkNS7Driver" */;
			buildPhases = (
				AA0000000000000000000401 /* Sources (dext) */,
				AA0000000000000000000402 /* Frameworks (dext) */,
			);
			buildRules = (
			);
			dependencies = (
			);
			name = NumarkNS7Driver;
			productName = NumarkNS7Driver;
			productReference = AA0000000000000000000005 /* com.andrewabner.ns7.driverkit.dext */;
			productType = "com.apple.product-type.driver-extension";
		};
		AA0000000000000000000502 /* NumarkNS7Installer */ = {
			isa = PBXNativeTarget;
			buildConfigurationList = AA0000000000000000000802 /* Build configuration list for PBXNativeTarget "NumarkNS7Installer" */;
			buildPhases = (
				AA0000000000000000000405 /* Sources (app) */,
				AA0000000000000000000406 /* Frameworks (app) */,
				AA0000000000000000000404 /* Embed System Extensions */,
			);
			buildRules = (
			);
			dependencies = (
				AA0000000000000000000601 /* PBXTargetDependency */,
			);
			name = NumarkNS7Installer;
			productName = NumarkNS7Installer;
			productReference = AA0000000000000000000008 /* NumarkNS7Installer.app */;
			productType = "com.apple.product-type.application";
		};
/* End PBXNativeTarget section */

/* Begin PBXProject section */
		AA0000000000000000000900 /* Project object */ = {
			isa = PBXProject;
			attributes = {
				BuildIndependentTargetsInParallel = 1;
				LastUpgradeCheck = 1600;
			};
			buildConfigurationList = AA0000000000000000000800 /* Build configuration list for PBXProject "NumarkNS7Driver" */;
			compatibilityVersion = "Xcode 14.0";
			developmentRegion = en;
			hasScannedForEncodings = 0;
			knownRegions = (
				en,
				Base,
			);
			mainGroup = AA0000000000000000000300;
			productRefGroup = AA0000000000000000000304 /* Products */;
			projectDirPath = "";
			projectRoot = "";
			targets = (
				AA0000000000000000000502 /* NumarkNS7Installer */,
				AA0000000000000000000501 /* NumarkNS7Driver */,
			);
		};
/* End PBXProject section */

/* Begin PBXSourcesBuildPhase section */
		AA0000000000000000000401 /* Sources (dext) */ = {
			isa = PBXSourcesBuildPhase;
			buildActionMask = 2147483647;
			files = (
				AA0000000000000000000101 /* NumarkNS7Device.iig in Sources */,
				AA0000000000000000000102 /* NumarkNS7Device.cpp in Sources */,
				AA0000000000000000000111 /* NS7MIDIDriver.iig in Sources */,
				AA0000000000000000000112 /* NS7MIDIDriver.cpp in Sources */,
			);
			runOnlyForDeploymentPostprocessing = 0;
		};
		AA0000000000000000000405 /* Sources (app) */ = {
			isa = PBXSourcesBuildPhase;
			buildActionMask = 2147483647;
			files = (
				AA0000000000000000000106 /* NumarkNS7InstallerApp.swift in Sources */,
			);
			runOnlyForDeploymentPostprocessing = 0;
		};
/* End PBXSourcesBuildPhase section */

/* Begin PBXTargetDependency section */
		AA0000000000000000000601 /* PBXTargetDependency */ = {
			isa = PBXTargetDependency;
			target = AA0000000000000000000501 /* NumarkNS7Driver */;
			targetProxy = AA0000000000000000000701 /* PBXContainerItemProxy */;
		};
/* End PBXTargetDependency section */

/* Begin XCBuildConfiguration section */
		AA0000000000000000000A01 /* Debug (project) */ = {
			isa = XCBuildConfiguration;
			buildSettings = {
				ALWAYS_SEARCH_USER_PATHS = NO;
				CLANG_CXX_LANGUAGE_STANDARD = "gnu++20";
				CLANG_ENABLE_OBJC_ARC = YES;
				CLANG_WARN_DOCUMENTATION_COMMENTS = YES;
				CODE_SIGN_STYLE = Automatic;
				COPY_PHASE_STRIP = NO;
				CURRENT_PROJECT_VERSION = 406;
				DEBUG_INFORMATION_FORMAT = dwarf;
				DEVELOPMENT_TEAM = TEK8D3YVA4;
				ENABLE_TESTABILITY = YES;
				GCC_OPTIMIZATION_LEVEL = 0;
				GCC_PREPROCESSOR_DEFINITIONS = (
					"DEBUG=1",
					"$(inherited)",
				);
				MARKETING_VERSION = 4.0.0;
				ONLY_ACTIVE_ARCH = YES;
				SWIFT_ACTIVE_COMPILATION_CONDITIONS = DEBUG;
				SWIFT_OPTIMIZATION_LEVEL = "-Onone";
			};
			name = Debug;
		};
		AA0000000000000000000A02 /* Release (project) */ = {
			isa = XCBuildConfiguration;
			buildSettings = {
				ALWAYS_SEARCH_USER_PATHS = NO;
				CLANG_CXX_LANGUAGE_STANDARD = "gnu++20";
				CLANG_ENABLE_OBJC_ARC = YES;
				CLANG_WARN_DOCUMENTATION_COMMENTS = YES;
				CODE_SIGN_STYLE = Automatic;
				COPY_PHASE_STRIP = NO;
				CURRENT_PROJECT_VERSION = 406;
				DEBUG_INFORMATION_FORMAT = "dwarf-with-dsym";
				DEVELOPMENT_TEAM = TEK8D3YVA4;
				GCC_OPTIMIZATION_LEVEL = s;
				MARKETING_VERSION = 4.0.0;
				SWIFT_COMPILATION_MODE = wholemodule;
			};
			name = Release;
		};
		AA0000000000000000000B01 /* Debug (dext) */ = {
			isa = XCBuildConfiguration;
			buildSettings = {
				CODE_SIGN_ENTITLEMENTS = NumarkNS7Driver/NumarkNS7Driver.entitlements;
				DRIVERKIT_DEPLOYMENT_TARGET = 25.0;
				INFOPLIST_FILE = NumarkNS7Driver/Info.plist;
				OTHER_LDFLAGS = (
					"-framework",
					DriverKit,
					"-framework",
					USBDriverKit,
					"-framework",
					MIDIDriverKit,
				);
				PRODUCT_BUNDLE_IDENTIFIER = com.andrewabner.ns7.driverkit;
				PRODUCT_NAME = "$(PRODUCT_BUNDLE_IDENTIFIER)";
				SDKROOT = driverkit;
				SKIP_INSTALL = YES;
			};
			name = Debug;
		};
		AA0000000000000000000B02 /* Release (dext) */ = {
			isa = XCBuildConfiguration;
			buildSettings = {
				CODE_SIGN_ENTITLEMENTS = NumarkNS7Driver/NumarkNS7Driver.entitlements;
				DRIVERKIT_DEPLOYMENT_TARGET = 25.0;
				INFOPLIST_FILE = NumarkNS7Driver/Info.plist;
				OTHER_LDFLAGS = (
					"-framework",
					DriverKit,
					"-framework",
					USBDriverKit,
					"-framework",
					MIDIDriverKit,
				);
				PRODUCT_BUNDLE_IDENTIFIER = com.andrewabner.ns7.driverkit;
				PRODUCT_NAME = "$(PRODUCT_BUNDLE_IDENTIFIER)";
				SDKROOT = driverkit;
				SKIP_INSTALL = YES;
			};
			name = Release;
		};
		AA0000000000000000000C01 /* Debug (app) */ = {
			isa = XCBuildConfiguration;
			buildSettings = {
				CODE_SIGN_ENTITLEMENTS = NumarkNS7Installer/NumarkNS7Installer.entitlements;
				ENABLE_HARDENED_RUNTIME = YES;
				GENERATE_INFOPLIST_FILE = YES;
				INFOPLIST_KEY_CFBundleDisplayName = "Numark NS7 Driver";
				INFOPLIST_KEY_LSApplicationCategoryType = "public.app-category.music";
				LD_RUNPATH_SEARCH_PATHS = (
					"$(inherited)",
					"@executable_path/../Frameworks",
				);
				MACOSX_DEPLOYMENT_TARGET = 13.0;
				PRODUCT_BUNDLE_IDENTIFIER = com.andrewabner.ns7;
				PRODUCT_NAME = NumarkNS7Installer;
				SDKROOT = macosx;
				SWIFT_VERSION = 5.0;
			};
			name = Debug;
		};
		AA0000000000000000000C02 /* Release (app) */ = {
			isa = XCBuildConfiguration;
			buildSettings = {
				CODE_SIGN_ENTITLEMENTS = NumarkNS7Installer/NumarkNS7Installer.entitlements;
				ENABLE_HARDENED_RUNTIME = YES;
				GENERATE_INFOPLIST_FILE = YES;
				INFOPLIST_KEY_CFBundleDisplayName = "Numark NS7 Driver";
				INFOPLIST_KEY_LSApplicationCategoryType = "public.app-category.music";
				LD_RUNPATH_SEARCH_PATHS = (
					"$(inherited)",
					"@executable_path/../Frameworks",
				);
				MACOSX_DEPLOYMENT_TARGET = 13.0;
				PRODUCT_BUNDLE_IDENTIFIER = com.andrewabner.ns7;
				PRODUCT_NAME = NumarkNS7Installer;
				SDKROOT = macosx;
				SWIFT_VERSION = 5.0;
			};
			name = Release;
		};
/* End XCBuildConfiguration section */

/* Begin XCConfigurationList section */
		AA0000000000000000000800 /* Build configuration list for PBXProject "NumarkNS7Driver" */ = {
			isa = XCConfigurationList;
			buildConfigurations = (
				AA0000000000000000000A01 /* Debug (project) */,
				AA0000000000000000000A02 /* Release (project) */,
			);
			defaultConfigurationIsVisible = 0;
			defaultConfigurationName = Release;
		};
		AA0000000000000000000801 /* Build configuration list for PBXNativeTarget "NumarkNS7Driver" */ = {
			isa = XCConfigurationList;
			buildConfigurations = (
				AA0000000000000000000B01 /* Debug (dext) */,
				AA0000000000000000000B02 /* Release (dext) */,
			);
			defaultConfigurationIsVisible = 0;
			defaultConfigurationName = Release;
		};
		AA0000000000000000000802 /* Build configuration list for PBXNativeTarget "NumarkNS7Installer" */ = {
			isa = XCConfigurationList;
			buildConfigurations = (
				AA0000000000000000000C01 /* Debug (app) */,
				AA0000000000000000000C02 /* Release (app) */,
			);
			defaultConfigurationIsVisible = 0;
			defaultConfigurationName = Release;
		};
/* End XCConfigurationList section */
	};
	rootObject = AA0000000000000000000900 /* Project object */;
}
